
Microsoft Visual Studio Solution File, Format Version 12.00
# Visual Studio Version 17
VisualStudioVersion = 17.0.31903.59
MinimumVisualStudioVersion = 10.0.40219.1
Project("{FAE04EC0-301F-11D3-BF4B-00C04F79EFBC}") = "Academy.Core", "Academy.Core\Academy.Core.csproj", "{2C930867-6F3D-490B-9B9B-2EC91663A151}"
EndProject
Project("{FAE04EC0-301F-11D3-BF4B-00C04F79EFBC}") = "Academy.Repositories", "Academy.Repositories\Academy.Repositories.csproj", "{57F506D7-80C7-47D2-9DFB-0523C62801D5}"
EndProject
Project("{FAE04EC0-301F-11D3-BF4B-00C04F79EFBC}") = "Academy.Sevices", "Academy.Sevices\Academy.Sevices.csproj", "{87E42506-17DE-45B3-A3A2-09FB28732B0E}"
EndProject
Global
	GlobalSection(SolutionConfigurationPlatforms) = preSolution
		Debug|Any CPU = Debug|Any CPU
		Release|Any CPU = Release|Any CPU
	EndGlobalSection
	GlobalSection(SolutionProperties) = preSolution
		HideSolutionNode = FALSE
	EndGlobalSection
	GlobalSection(ProjectConfigurationPlatforms) = postSolution
		{2C930867-6F3D-490B-9B9B-2EC91663A151}.Debug|Any CPU.ActiveCfg = Debug|Any CPU
		{2C930867-6F3D-490B-9B9B-2EC91663A151}.Debug|Any CPU.Build.0 = Debug|Any CPU
		{2C930867-6F3D-490B-9B9B-2EC91663A151}.Release|Any CPU.ActiveCfg = Release|Any CPU
		{2C930867-6F3D-490B-9B9B-2EC91663A151}.Release|Any CPU.Build.0 = Release|Any CPU
		{57F506D7-80C7-47D2-9DFB-0523C62801D5}.Debug|Any CPU.ActiveCfg = Debug|Any CPU
		{57F506D7-80C7-47D2-9DFB-0523C62801D5}.Debug|Any CPU.Build.0 = Debug|Any CPU
		{57F506D7-80C7-47D2-9DFB-0523C62801D5}.Release|Any CPU.ActiveCfg = Release|Any CPU
		{57F506D7-80C7-47D2-9DFB-0523C62801D5}.Release|Any CPU.Build.0 = Release|Any CPU
		{87E42506-17DE-45B3-A3A2-09FB28732B0E}.Debug|Any CPU.ActiveCfg = Debug|Any CPU
		{87E42506-17DE-45B3-A3A2-09FB28732B0E}.Debug|Any CPU.Build.0 = Debug|Any CPU
		{87E42506-17DE-45B3-A3A2-09FB28732B0E}.Release|Any CPU.ActiveCfg = Release|Any CPU
		{87E42506-17DE-45B3-A3A2-09FB28732B0E}.Release|Any CPU.Build.0 = Release|Any CPU
	EndGlobalSection
EndGlobal
